// !$*UTF8*$!
{
	archiveVersion = 1;
	classes = {
	};
	objectVersion = 56;
	objects = {

/* Begin PBXBuildFile section */
		27D219FB2CB34A7B00E81556 /* persodictApp.swift in Sources */ = {isa = PBXBuildFile; fileRef = 27D219FA2CB34A7B00E81556 /* persodictApp.swift */; };
		27D219FD2CB34A7B00E81556 /* ContentView.swift in Sources */ = {isa = PBXBuildFile; fileRef = 27D219FC2CB34A7B00E81556 /* ContentView.swift */; };
		27D219FF2CB34A7B00E81556 /* Assets.xcassets in Resources */ = {isa = PBXBuildFile; fileRef = 27D219FE2CB34A7B00E81556 /* Assets.xcassets */; };
		27D21A022CB34A7B00E81556 /* Preview Assets.xcassets in Resources */ = {isa = PBXBuildFile; fileRef = 27D21A012CB34A7B00E81556 /* Preview Assets.xcassets */; };
		27D21A0D2CB34A7C00E81556 /* persodictTests.swift in Sources */ = {isa = PBXBuildFile; fileRef = 27D21A0C2CB34A7C00E81556 /* persodictTests.swift */; };
		27D21A172CB34A7C00E81556 /* persodictUITests.swift in Sources */ = {isa = PBXBuildFile; fileRef = 27D21A162CB34A7C00E81556 /* persodictUITests.swift */; };
		27D21A192CB34A7C00E81556 /* persodictUITestsLaunchTests.swift in Sources */ = {isa = PBXBuildFile; fileRef = 27D21A182CB34A7C00E81556 /* persodictUITestsLaunchTests.swift */; };
/* End PBXBuildFile section */

/* Begin PBXContainerItemProxy section */
		27D21A092CB34A7C00E81556 /* PBXContainerItemProxy */ = {
			isa = PBXContainerItemProxy;
			containerPortal = 27D219EF2CB34A7B00E81556 /* Project object */;
			proxyType = 1;
			remoteGlobalIDString = 27D219F62CB34A7B00E81556;
			remoteInfo = persodict;
		};
		27D21A132CB34A7C00E81556 /* PBXContainerItemProxy */ = {
			isa = PBXContainerItemProxy;
			containerPortal = 27D219EF2CB34A7B00E81556 /* Project object */;
			proxyType = 1;
			remoteGlobalIDString = 27D219F62CB34A7B00E81556;
			remoteInfo = persodict;
		};
/* End PBXContainerItemProxy section */

/* Begin PBXFileReference section */
		27D219F72CB34A7B00E81556 /* persodict.app */ = {isa = PBXFileReference; explicitFileType = wrapper.application; includeInIndex = 0; path = persodict.app; sourceTree = BUILT_PRODUCTS_DIR; };
		27D219FA2CB34A7B00E81556 /* persodictApp.swift */ = {isa = PBXFileReference; lastKnownFileType = sourcecode.swift; path = persodictApp.swift; sourceTree = "<group>"; };
		27D219FC2CB34A7B00E81556 /* ContentView.swift */ = {isa = PBXFileReference; lastKnownFileType = sourcecode.swift; path = ContentView.swift; sourceTree = "<group>"; };
		27D219FE2CB34A7B00E81556 /* Assets.xcassets */ = {isa = PBXFileReference; lastKnownFileType = folder.assetcatalog; path = Assets.xcassets; sourceTree = "<group>"; };
		27D21A012CB34A7B00E81556 /* Preview Assets.xcassets */ = {isa = PBXFileReference; lastKnownFileType = folder.assetcatalog; path = "Preview Assets.xcassets"; sourceTree = "<group>"; };
		27D21A032CB34A7B00E81556 /* persodict.entitlements */ = {isa = PBXFileReference; lastKnownFileType = text.plist.entitlements; path = persodict.entitlements; sourceTree = "<group>"; };
		27D21A082CB34A7C00E81556 /* persodictTests.xctest */ = {isa = PBXFileReference; explicitFileType = wrapper.cfbundle; includeInIndex = 0; path = persodictTests.xctest; sourceTree = BUILT_PRODUCTS_DIR; };
		27D21A0C2CB34A7C00E81556 /* persodictTests.swift */ = {isa = PBXFileReference; lastKnownFileType = sourcecode.swift; path = persodictTests.swift; sourceTree = "<group>"; };
		27D21A122CB34A7C00E81556 /* persodictUITests.xctest */ = {isa = PBXFileReference; explicitFileType = wrapper.cfbundle; includeInIndex = 0; path = persodictUITests.xctest; sourceTree = BUILT_PRODUCTS_DIR; };
		27D21A162CB34A7C00E81556 /* persodictUITests.swift */ = {isa = PBXFileReference; lastKnownFileType = sourcecode.swift; path = persodictUITests.swift; sourceTree = "<group>"; };
		27D21A182CB34A7C00E81556 /* persodictUITestsLaunchTests.swift */ = {isa = PBXFileReference; lastKnownFileType = sourcecode.swift; path = persodictUITestsLaunchTests.swift; sourceTree = "<group>"; };
/* End PBXFileReference section */

/* Begin PBXFrameworksBuildPhase section */
		27D219F42CB34A7B00E81556 /* Frameworks */ = {
			isa = PBXFrameworksBuildPhase;
			buildActionMask = 2147483647;
			files = (
			);
			runOnlyForDeploymentPostprocessing = 0;
		};
		27D21A052CB34A7C00E81556 /* Frameworks */ = {
			isa = PBXFrameworksBuildPhase;
			buildActionMask = 2147483647;
			files = (
			);
			runOnlyForDeploymentPostprocessing = 0;
		};
		27D21A0F2CB34A7C00E81556 /* Frameworks */ = {
			isa = PBXFrameworksBuildPhase;
			buildActionMask = 2147483647;
			files = (
			);
			runOnlyForDeploymentPostprocessing = 0;
		};
/* End PBXFrameworksBuildPhase section */

/* Begin PBXGroup section */
		27D219EE2CB34A7B00E81556 = {
			isa = PBXGroup;
			children = (
				27D219F92CB34A7B00E81556 /* persodict */,
				27D21A0B2CB34A7C00E81556 /* persodictTests */,
				27D21A152CB34A7C00E81556 /* persodictUITests */,
				27D219F82CB34A7B00E81556 /* Products */,
			);
			sourceTree = "<group>";
		};
		27D219F82CB34A7B00E81556 /* Products */ = {
			isa = PBXGroup;
			children = (
				27D219F72CB34A7B00E81556 /* persodict.app */,
				27D21A082CB34A7C00E81556 /* persodictTests.xctest */,
				27D21A122CB34A7C00E81556 /* persodictUITests.xctest */,
			);
			name = Products;
			sourceTree = "<group>";
		};
		27D219F92CB34A7B00E81556 /* persodict */ = {
			isa = PBXGroup;
			children = (
				27D219FA2CB34A7B00E81556 /* persodictApp.swift */,
				27D219FC2CB34A7B00E81556 /* ContentView.swift */,
				27D219FE2CB34A7B00E81556 /* Assets.xcassets */,
				27D21A032CB34A7B00E81556 /* persodict.entitlements */,
				27D21A002CB34A7B00E81556 /* Preview Content */,
			);
			path = persodict;
			sourceTree = "<group>";
		};
		27D21A002CB34A7B00E81556 /* Preview Content */ = {
			isa = PBXGroup;
			children = (
				27D21A012CB34A7B00E81556 /* Preview Assets.xcassets */,
			);
			path = "Preview Content";
			sourceTree = "<group>";
		};
		27D21A0B2CB34A7C00E81556 /* persodictTests */ = {
			isa = PBXGroup;
			children = (
				27D21A0C2CB34A7C00E81556 /* persodictTests.swift */,
			);
			path = persodictTests;
			sourceTree = "<group>";
		};
		27D21A152CB34A7C00E81556 /* persodictUITests */ = {
			isa = PBXGroup;
			children = (
				27D21A162CB34A7C00E81556 /* persodictUITests.swift */,
				27D21A182CB34A7C00E81556 /* persodictUITestsLaunchTests.swift */,
			);
			path = persodictUITests;
			sourceTree = "<group>";
		};
/* End PBXGroup section */

/* Begin PBXNativeTarget section */
		27D219F62CB34A7B00E81556 /* persodict */ = {
			isa = PBXNativeTarget;
			buildConfigurationList = 27D21A1C2CB34A7C00E81556 /* Build configuration list for PBXNativeTarget "persodict" */;
			buildPhases = (
				27D219F32CB34A7B00E81556 /* Sources */,
				27D219F42CB34A7B00E81556 /* Frameworks */,
				27D219F52CB34A7B00E81556 /* Resources */,
			);
			buildRules = (
			);
			dependencies = (
			);
			name = persodict;
			productName = persodict;
			productReference = 27D219F72CB34A7B00E81556 /* persodict.app */;
			productType = "com.apple.product-type.application";
		};
		27D21A072CB34A7C00E81556 /* persodictTests */ = {
			isa = PBXNativeTarget;
			buildConfigurationList = 27D21A1F2CB34A7C00E81556 /* Build configuration list for PBXNativeTarget "persodictTests" */;
			buildPhases = (
				27D21A042CB34A7C00E81556 /* Sources */,
				27D21A052CB34A7C00E81556 /* Frameworks */,
				27D21A062CB34A7C00E81556 /* Resources */,
			);
			buildRules = (
			);
			dependencies = (
				27D21A0A2CB34A7C00E81556 /* PBXTargetDependency */,
			);
			name = persodictTests;
			productName = persodictTests;
			productReference = 27D21A082CB34A7C00E81556 /* persodictTests.xctest */;
			productType = "com.apple.product-type.bundle.unit-test";
		};
		27D21A112CB34A7C00E81556 /* persodictUITests */ = {
			isa = PBXNativeTarget;
			buildConfigurationList = 27D21A222CB34A7C00E81556 /* Build configuration list for PBXNativeTarget "persodictUITests" */;
			buildPhases = (
				27D21A0E2CB34A7C00E81556 /* Sources */,
				27D21A0F2CB34A7C00E81556 /* Frameworks */,
				27D21A102CB34A7C00E81556 /* Resources */,
			);
			buildRules = (
			);
			dependencies = (
				27D21A142CB34A7C00E81556 /* PBXTargetDependency */,
			);
			name = persodictUITests;
			productName = persodictUITests;
			productReference = 27D21A122CB34A7C00E81556 /* persodictUITests.xctest */;
			productType = "com.apple.product-type.bundle.ui-testing";
		};
/* End PBXNativeTarget section */

/* Begin PBXProject section */
		27D219EF2CB34A7B00E81556 /* Project object */ = {
			isa = PBXProject;
			attributes = {
				BuildIndependentTargetsInParallel = 1;
				LastSwiftUpdateCheck = 1430;
				LastUpgradeCheck = 1430;
				TargetAttributes = {
					27D219F62CB34A7B00E81556 = {
						CreatedOnToolsVersion = 14.3.1;
					};
					27D21A072CB34A7C00E81556 = {
						CreatedOnToolsVersion = 14.3.1;
						TestTargetID = 27D219F62CB34A7B00E81556;
					};
					27D21A112CB34A7C00E81556 = {
						CreatedOnToolsVersion = 14.3.1;
						TestTargetID = 27D219F62CB34A7B00E81556;
					};
				};
			};
			buildConfigurationList = 27D219F22CB34A7B00E81556 /* Build configuration list for PBXProject "persodict" */;
			compatibilityVersion = "Xcode 14.0";
			developmentRegion = en;
			hasScannedForEncodings = 0;
			knownRegions = (
				en,
				Base,
			);
			mainGroup = 27D219EE2CB34A7B00E81556;
			productRefGroup = 27D219F82CB34A7B00E81556 /* Products */;
			projectDirPath = "";
			projectRoot = "";
			targets = (
				27D219F62CB34A7B00E81556 /* persodict */,
				27D21A072CB34A7C00E81556 /* persodictTests */,
				27D21A112CB34A7C00E81556 /* persodictUITests */,
			);
		};
/* End PBXProject section */

/* Begin PBXResourcesBuildPhase section */
		27D219F52CB34A7B00E81556 /* Resources */ = {
			isa = PBXResourcesBuildPhase;
			buildActionMask = 2147483647;
			files = (
				27D21A022CB34A7B00E81556 /* Preview Assets.xcassets in Resources */,
				27D219FF2CB34A7B00E81556 /* Assets.xcassets in Resources */,
			);
			runOnlyForDeploymentPostprocessing = 0;
		};
		27D21A062CB34A7C00E81556 /* Resources */ = {
			isa = PBXResourcesBuildPhase;
			buildActionMask = 2147483647;
			files = (
			);
			runOnlyForDeploymentPostprocessing = 0;
		};
		27D21A102CB34A7C00E81556 /* Resources */ = {
			isa = PBXResourcesBuildPhase;
			buildActionMask = 2147483647;
			files = (
			);
			runOnlyForDeploymentPostprocessing = 0;
		};
/* End PBXResourcesBuildPhase section */

/* Begin PBXSourcesBuildPhase section */
		27D219F32CB34A7B00E81556 /* Sources */ = {
			isa = PBXSourcesBuildPhase;
			buildActionMask = 2147483647;
			files = (
				27D219FD2CB34A7B00E81556 /* ContentView.swift in Sources */,
				27D219FB2CB34A7B00E81556 /* persodictApp.swift in Sources */,
			);
			runOnlyForDeploymentPostprocessing = 0;
		};
		27D21A042CB34A7C00E81556 /* Sources */ = {
			isa = PBXSourcesBuildPhase;
			buildActionMask = 2147483647;
			files = (
				27D21A0D2CB34A7C00E81556 /* persodictTests.swift in Sources */,
			);
			runOnlyForDeploymentPostprocessing = 0;
		};
		27D21A0E2CB34A7C00E81556 /* Sources */ = {
			isa = PBXSourcesBuildPhase;
			buildActionMask = 2147483647;
			files = (
				27D21A192CB34A7C00E81556 /* persodictUITestsLaunchTests.swift in Sources */,
				27D21A172CB34A7C00E81556 /* persodictUITests.swift in Sources */,
			);
			runOnlyForDeploymentPostprocessing = 0;
		};
/* End PBXSourcesBuildPhase section */

/* Begin PBXTargetDependency section */
		27D21A0A2CB34A7C00E81556 /* PBXTargetDependency */ = {
			isa = PBXTargetDependency;
			target = 27D219F62CB34A7B00E81556 /* persodict */;
			targetProxy = 27D21A092CB34A7C00E81556 /* PBXContainerItemProxy */;
		};
		27D21A142CB34A7C00E81556 /* PBXTargetDependency */ = {
			isa = PBXTargetDependency;
			target = 27D219F62CB34A7B00E81556 /* persodict */;
			targetProxy = 27D21A132CB34A7C00E81556 /* PBXContainerItemProxy */;
		};
/* End PBXTargetDependency section */

/* Begin XCBuildConfiguration section */
		27D21A1A2CB34A7C00E81556 /* Debug */ = {
			isa = XCBuildConfiguration;
			buildSettings = {
				ALWAYS_SEARCH_USER_PATHS = NO;
				CLANG_ANALYZER_NONNULL = YES;
				CLANG_ANALYZER_NUMBER_OBJECT_CONVERSION = YES_AGGRESSIVE;
				CLANG_CXX_LANGUAGE_STANDARD = "gnu++20";
				CLANG_ENABLE_MODULES = YES;
				CLANG_ENABLE_OBJC_ARC = YES;
				CLANG_ENABLE_OBJC_WEAK = YES;
				CLANG_WARN_BLOCK_CAPTURE_AUTORELEASING = YES;
				CLANG_WARN_BOOL_CONVERSION = YES;
				CLANG_WARN_COMMA = YES;
				CLANG_WARN_CONSTANT_CONVERSION = YES;
				CLANG_WARN_DEPRECATED_OBJC_IMPLEMENTATIONS = YES;
				CLANG_WARN_DIRECT_OBJC_ISA_USAGE = YES_ERROR;
				CLANG_WARN_DOCUMENTATION_COMMENTS = YES;
				CLANG_WARN_EMPTY_BODY = YES;
				CLANG_WARN_ENUM_CONVERSION = YES;
				CLANG_WARN_INFINITE_RECURSION = YES;
				CLANG_WARN_INT_CONVERSION = YES;
				CLANG_WARN_NON_LITERAL_NULL_CONVERSION = YES;
				CLANG_WARN_OBJC_IMPLICIT_RETAIN_SELF = YES;
				CLANG_WARN_OBJC_LITERAL_CONVERSION = YES;
				CLANG_WARN_OBJC_ROOT_CLASS = YES_ERROR;
				CLANG_WARN_QUOTED_INCLUDE_IN_FRAMEWORK_HEADER = YES;
				CLANG_WARN_RANGE_LOOP_ANALYSIS = YES;
				CLANG_WARN_STRICT_PROTOTYPES = YES;
				CLANG_WARN_SUSPICIOUS_MOVE = YES;
				CLANG_WARN_UNGUARDED_AVAILABILITY = YES_AGGRESSIVE;
				CLANG_WARN_UNREACHABLE_CODE = YES;
				CLANG_WARN__DUPLICATE_METHOD_MATCH = YES;
				COPY_PHASE_STRIP = NO;
				DEBUG_INFORMATION_FORMAT = dwarf;
				ENABLE_STRICT_OBJC_MSGSEND = YES;
				ENABLE_TESTABILITY = YES;
				GCC_C_LANGUAGE_STANDARD = gnu11;
				GCC_DYNAMIC_NO_PIC = NO;
				GCC_NO_COMMON_BLOCKS = YES;
				GCC_OPTIMIZATION_LEVEL = 0;
				GCC_PREPROCESSOR_DEFINITIONS = (
					"DEBUG=1",
					"$(inherited)",
				);
				GCC_WARN_64_TO_32_BIT_CONVERSION = YES;
				GCC_WARN_ABOUT_RETURN_TYPE = YES_ERROR;
				GCC_WARN_UNDECLARED_SELECTOR = YES;
				GCC_WARN_UNINITIALIZED_AUTOS = YES_AGGRESSIVE;
				GCC_WARN_UNUSED_FUNCTION = YES;
				GCC_WARN_UNUSED_VARIABLE = YES;
				MACOSX_DEPLOYMENT_TARGET = 13.3;
				MTL_ENABLE_DEBUG_INFO = INCLUDE_SOURCE;
				MTL_FAST_MATH = YES;
				ONLY_ACTIVE_ARCH = YES;
				SDKROOT = macosx;
				SWIFT_ACTIVE_COMPILATION_CONDITIONS = DEBUG;
				SWIFT_OPTIMIZATION_LEVEL = "-Onone";
			};
			name = Debug;
		};
		27D21A1B2CB34A7C00E81556 /* Release */ = {
			isa = XCBuildConfiguration;
			buildSettings = {
				ALWAYS_SEARCH_USER_PATHS = NO;
				CLANG_ANALYZER_NONNULL = YES;
				CLANG_ANALYZER_NUMBER_OBJECT_CONVERSION = YES_AGGRESSIVE;
				CLANG_CXX_LANGUAGE_STANDARD = "gnu++20";
				CLANG_ENABLE_MODULES = YES;
				CLANG_ENABLE_OBJC_ARC = YES;
				CLANG_ENABLE_OBJC_WEAK = YES;
				CLANG_WARN_BLOCK_CAPTURE_AUTORELEASING = YES;
				CLANG_WARN_BOOL_CONVERSION = YES;
				CLANG_WARN_COMMA = YES;
				CLANG_WARN_CONSTANT_CONVERSION = YES;
				CLANG_WARN_DEPRECATED_OBJC_IMPLEMENTATIONS = YES;
				CLANG_WARN_DIRECT_OBJC_ISA_USAGE = YES_ERROR;
				CLANG_WARN_DOCUMENTATION_COMMENTS = YES;
				CLANG_WARN_EMPTY_BODY = YES;
				CLANG_WARN_ENUM_CONVERSION = YES;
				CLANG_WARN_INFINITE_RECURSION = YES;
				CLANG_WARN_INT_CONVERSION = YES;
				CLANG_WARN_NON_LITERAL_NULL_CONVERSION = YES;
				CLANG_WARN_OBJC_IMPLICIT_RETAIN_SELF = YES;
				CLANG_WARN_OBJC_LITERAL_CONVERSION = YES;
				CLANG_WARN_OBJC_ROOT_CLASS = YES_ERROR;
				CLANG_WARN_QUOTED_INCLUDE_IN_FRAMEWORK_HEADER = YES;
				CLANG_WARN_RANGE_LOOP_ANALYSIS = YES;
				CLANG_WARN_STRICT_PROTOTYPES = YES;
				CLANG_WARN_SUSPICIOUS_MOVE = YES;
				CLANG_WARN_UNGUARDED_AVAILABILITY = YES_AGGRESSIVE;
				CLANG_WARN_UNREACHABLE_CODE = YES;
				CLANG_WARN__DUPLICATE_METHOD_MATCH = YES;
				COPY_PHASE_STRIP = NO;
				DEBUG_INFORMATION_FORMAT = "dwarf-with-dsym";
				ENABLE_NS_ASSERTIONS = NO;
				ENABLE_STRICT_OBJC_MSGSEND = YES;
				GCC_C_LANGUAGE_STANDARD = gnu11;
				GCC_NO_COMMON_BLOCKS = YES;
				GCC_WARN_64_TO_32_BIT_CONVERSION = YES;
				GCC_WARN_ABOUT_RETURN_TYPE = YES_ERROR;
				GCC_WARN_UNDECLARED_SELECTOR = YES;
				GCC_WARN_UNINITIALIZED_AUTOS = YES_AGGRESSIVE;
				GCC_WARN_UNUSED_FUNCTION = YES;
				GCC_WARN_UNUSED_VARIABLE = YES;
				MACOSX_DEPLOYMENT_TARGET = 13.3;
				MTL_ENABLE_DEBUG_INFO = NO;
				MTL_FAST_MATH = YES;
				SDKROOT = macosx;
				SWIFT_COMPILATION_MODE = wholemodule;
				SWIFT_OPTIMIZATION_LEVEL = "-O";
			};
			name = Release;
		};
		27D21A1D2CB34A7C00E81556 /* Debug */ = {
			isa = XCBuildConfiguration;
			buildSettings = {
				ASSETCATALOG_COMPILER_APPICON_NAME = AppIcon;
				ASSETCATALOG_COMPILER_GLOBAL_ACCENT_COLOR_NAME = AccentColor;
				CODE_SIGN_ENTITLEMENTS = persodict/persodict.entitlements;
				CODE_SIGN_STYLE = Automatic;
				COMBINE_HIDPI_IMAGES = YES;
				CURRENT_PROJECT_VERSION = 1;
				DEVELOPMENT_ASSET_PATHS = "\"persodict/Preview Content\"";
				DEVELOPMENT_TEAM = 9U783Z3JTP;
				ENABLE_HARDENED_RUNTIME = YES;
				ENABLE_PREVIEWS = YES;
				GENERATE_INFOPLIST_FILE = YES;
				INFOPLIST_KEY_NSHumanReadableCopyright = "";
				LD_RUNPATH_SEARCH_PATHS = (
					"$(inherited)",
					"@executable_path/../Frameworks",
				);
				MARKETING_VERSION = 1.0;
				PRODUCT_BUNDLE_IDENTIFIER = cemondr.persodict;
				PRODUCT_NAME = "$(TARGET_NAME)";
				SWIFT_EMIT_LOC_STRINGS = YES;
				SWIFT_VERSION = 5.0;
			};
			name = Debug;
		};
		27D21A1E2CB34A7C00E81556 /* Release */ = {
			isa = XCBuildConfiguration;
			buildSettings = {
				ASSETCATALOG_COMPILER_APPICON_NAME = AppIcon;
				ASSETCATALOG_COMPILER_GLOBAL_ACCENT_COLOR_NAME = AccentColor;
				CODE_SIGN_ENTITLEMENTS = persodict/persodict.entitlements;
				CODE_SIGN_STYLE = Automatic;
				COMBINE_HIDPI_IMAGES = YES;
				CURRENT_PROJECT_VERSION = 1;
				DEVELOPMENT_ASSET_PATHS = "\"persodict/Preview Content\"";
				DEVELOPMENT_TEAM = 9U783Z3JTP;
				ENABLE_HARDENED_RUNTIME = YES;
				ENABLE_PREVIEWS = YES;
				GENERATE_INFOPLIST_FILE = YES;
				INFOPLIST_KEY_NSHumanReadableCopyright = "";
				LD_RUNPATH_SEARCH_PATHS = (
					"$(inherited)",
					"@executable_path/../Frameworks",
				);
				MARKETING_VERSION = 1.0;
				PRODUCT_BUNDLE_IDENTIFIER = cemondr.persodict;
				PRODUCT_NAME = "$(TARGET_NAME)";
				SWIFT_EMIT_LOC_STRINGS = YES;
				SWIFT_VERSION = 5.0;
			};
			name = Release;
		};
		27D21A202CB34A7C00E81556 /* Debug */ = {
			isa = XCBuildConfiguration;
			buildSettings = {
				ALWAYS_EMBED_SWIFT_STANDARD_LIBRARIES = YES;
				BUNDLE_LOADER = "$(TEST_HOST)";
				CODE_SIGN_STYLE = Automatic;
				CURRENT_PROJECT_VERSION = 1;
				DEVELOPMENT_TEAM = 9U783Z3JTP;
				GENERATE_INFOPLIST_FILE = YES;
				MACOSX_DEPLOYMENT_TARGET = 13.3;
				MARKETING_VERSION = 1.0;
				PRODUCT_BUNDLE_IDENTIFIER = cemondr.persodictTests;
				PRODUCT_NAME = "$(TARGET_NAME)";
				SWIFT_EMIT_LOC_STRINGS = NO;
				SWIFT_VERSION = 5.0;
				TEST_HOST = "$(BUILT_PRODUCTS_DIR)/persodict.app/$(BUNDLE_EXECUTABLE_FOLDER_PATH)/persodict";
			};
			name = Debug;
		};
		27D21A212CB34A7C00E81556 /* Release */ = {
			isa = XCBuildConfiguration;
			buildSettings = {
				ALWAYS_EMBED_SWIFT_STANDARD_LIBRARIES = YES;
				BUNDLE_LOADER = "$(TEST_HOST)";
				CODE_SIGN_STYLE = Automatic;
				CURRENT_PROJECT_VERSION = 1;
				DEVELOPMENT_TEAM = 9U783Z3JTP;
				GENERATE_INFOPLIST_FILE = YES;
				MACOSX_DEPLOYMENT_TARGET = 13.3;
				MARKETING_VERSION = 1.0;
				PRODUCT_BUNDLE_IDENTIFIER = cemondr.persodictTests;
				PRODUCT_NAME = "$(TARGET_NAME)";
				SWIFT_EMIT_LOC_STRINGS = NO;
				SWIFT_VERSION = 5.0;
				TEST_HOST = "$(BUILT_PRODUCTS_DIR)/persodict.app/$(BUNDLE_EXECUTABLE_FOLDER_PATH)/persodict";
			};
			name = Release;
		};
		27D21A232CB34A7C00E81556 /* Debug */ = {
			isa = XCBuildConfiguration;
			buildSettings = {
				ALWAYS_EMBED_SWIFT_STANDARD_LIBRARIES = YES;
				CODE_SIGN_STYLE = Automatic;
				CURRENT_PROJECT_VERSION = 1;
				DEVELOPMENT_TEAM = 9U783Z3JTP;
				GENERATE_INFOPLIST_FILE = YES;
				MARKETING_VERSION = 1.0;
				PRODUCT_BUNDLE_IDENTIFIER = cemondr.persodictUITests;
				PRODUCT_NAME = "$(TARGET_NAME)";
				SWIFT_EMIT_LOC_STRINGS = NO;
				SWIFT_VERSION = 5.0;
				TEST_TARGET_NAME = persodict;
			};
			name = Debug;
		};
		27D21A242CB34A7C00E81556 /* Release */ = {
			isa = XCBuildConfiguration;
			buildSettings = {
				ALWAYS_EMBED_SWIFT_STANDARD_LIBRARIES = YES;
				CODE_SIGN_STYLE = Automatic;
				CURRENT_PROJECT_VERSION = 1;
				DEVELOPMENT_TEAM = 9U783Z3JTP;
				GENERATE_INFOPLIST_FILE = YES;
				MARKETING_VERSION = 1.0;
				PRODUCT_BUNDLE_IDENTIFIER = cemondr.persodictUITests;
				PRODUCT_NAME = "$(TARGET_NAME)";
				SWIFT_EMIT_LOC_STRINGS = NO;
				SWIFT_VERSION = 5.0;
				TEST_TARGET_NAME = persodict;
			};
			name = Release;
		};
/* End XCBuildConfiguration section */

/* Begin XCConfigurationList section */
		27D219F22CB34A7B00E81556 /* Build configuration list for PBXProject "persodict" */ = {
			isa = XCConfigurationList;
			buildConfigurations = (
				27D21A1A2CB34A7C00E81556 /* Debug */,
				27D21A1B2CB34A7C00E81556 /* Release */,
			);
			defaultConfigurationIsVisible = 0;
			defaultConfigurationName = Release;
		};
		27D21A1C2CB34A7C00E81556 /* Build configuration list for PBXNativeTarget "persodict" */ = {
			isa = XCConfigurationList;
			buildConfigurations = (
				27D21A1D2CB34A7C00E81556 /* Debug */,
				27D21A1E2CB34A7C00E81556 /* Release */,
			);
			defaultConfigurationIsVisible = 0;
			defaultConfigurationName = Release;
		};
		27D21A1F2CB34A7C00E81556 /* Build configuration list for PBXNativeTarget "persodictTests" */ = {
			isa = XCConfigurationList;
			buildConfigurations = (
				27D21A202CB34A7C00E81556 /* Debug */,
				27D21A212CB34A7C00E81556 /* Release */,
			);
			defaultConfigurationIsVisible = 0;
			defaultConfigurationName = Release;
		};
		27D21A222CB34A7C00E81556 /* Build configuration list for PBXNativeTarget "persodictUITests" */ = {
			isa = XCConfigurationList;
			buildConfigurations = (
				27D21A232CB34A7C00E81556 /* Debug */,
				27D21A242CB34A7C00E81556 /* Release */,
			);
			defaultConfigurationIsVisible = 0;
			defaultConfigurationName = Release;
		};
/* End XCConfigurationList section */
	};
	rootObject = 27D219EF2CB34A7B00E81556 /* Project object */;
}
